
Microsoft Visual Studio Solution File, Format Version 12.00
# Visual Studio Version 17
VisualStudioVersion = 17.8.34408.163
MinimumVisualStudioVersion = 10.0.40219.1
Project("{FAE04EC0-301F-11D3-BF4B-00C04F79EFBC}") = "MiParcialitoC", "MiParcialitoC\MiParcialitoC.csproj", "{2A688ECE-32EF-4361-9787-1A13B6D71FF0}"
EndProject
Global
	GlobalSection(SolutionConfigurationPlatforms) = preSolution
		Debug|Any CPU = Debug|Any CPU
		Release|Any CPU = Release|Any CPU
	EndGlobalSection
	GlobalSection(ProjectConfigurationPlatforms) = postSolution
		{2A688ECE-32EF-4361-9787-1A13B6D71FF0}.Debug|Any CPU.ActiveCfg = Debug|Any CPU
		{2A688ECE-32EF-4361-9787-1A13B6D71FF0}.Debug|Any CPU.Build.0 = Debug|Any CPU
		{2A688ECE-32EF-4361-9787-1A13B6D71FF0}.Release|Any CPU.ActiveCfg = Release|Any CPU
		{2A688ECE-32EF-4361-9787-1A13B6D71FF0}.Release|Any CPU.Build.0 = Release|Any CPU
	EndGlobalSection
	GlobalSection(SolutionProperties) = preSolution
		HideSolutionNode = FALSE
	EndGlobalSection
	GlobalSection(ExtensibilityGlobals) = postSolution
		SolutionGuid = {7EE38E67-EA9E-4901-8D42-1DEDCF3E13DA}
	EndGlobalSection
EndGlobal
